
Microsoft Visual Studio Solution File, Format Version 12.00
# Visual Studio Version 16
VisualStudioVersion = 16.0.31515.178
MinimumVisualStudioVersion = 10.0.40219.1
Project("{FAE04EC0-301F-11D3-BF4B-00C04F79EFBC}") = "Proyecto1", "Proyecto1\Proyecto1.csproj", "{F4EDB808-6520-42F6-ADF6-2B8224D04B2B}"
EndProject
Global
	GlobalSection(SolutionConfigurationPlatforms) = preSolution
		Debug|Any CPU = Debug|Any CPU
		Release|Any CPU = Release|Any CPU
	EndGlobalSection
	GlobalSection(ProjectConfigurationPlatforms) = postSolution
		{F4EDB808-6520-42F6-ADF6-2B8224D04B2B}.Debug|Any CPU.ActiveCfg = Debug|Any CPU
		{F4EDB808-6520-42F6-ADF6-2B8224D04B2B}.Debug|Any CPU.Build.0 = Debug|Any CPU
		{F4EDB808-6520-42F6-ADF6-2B8224D04B2B}.Release|Any CPU.ActiveCfg = Release|Any CPU
		{F4EDB808-6520-42F6-ADF6-2B8224D04B2B}.Release|Any CPU.Build.0 = Release|Any CPU
	EndGlobalSection
	GlobalSection(SolutionProperties) = preSolution
		HideSolutionNode = FALSE
	EndGlobalSection
	GlobalSection(ExtensibilityGlobals) = postSolution
		SolutionGuid = {432193D3-4AE9-441F-8112-93C7AE02E594}
	EndGlobalSection
EndGlobal
